
Microsoft Visual Studio Solution File, Format Version 12.00
# Visual Studio Version 17
VisualStudioVersion = 17.6.33829.357
MinimumVisualStudioVersion = 10.0.40219.1
Project("{FAE04EC0-301F-11D3-BF4B-00C04F79EFBC}") = "DenominationRoutine", "DenominationRoutine\DenominationRoutine.csproj", "{B53E51DE-0F16-4786-8C86-D026D27E83F8}"
EndProject
Global
	GlobalSection(SolutionConfigurationPlatforms) = preSolution
		Debug|Any CPU = Debug|Any CPU
		Release|Any CPU = Release|Any CPU
	EndGlobalSection
	GlobalSection(ProjectConfigurationPlatforms) = postSolution
		{B53E51DE-0F16-4786-8C86-D026D27E83F8}.Debug|Any CPU.ActiveCfg = Debug|Any CPU
		{B53E51DE-0F16-4786-8C86-D026D27E83F8}.Debug|Any CPU.Build.0 = Debug|Any CPU
		{B53E51DE-0F16-4786-8C86-D026D27E83F8}.Release|Any CPU.ActiveCfg = Release|Any CPU
		{B53E51DE-0F16-4786-8C86-D026D27E83F8}.Release|Any CPU.Build.0 = Release|Any CPU
	EndGlobalSection
	GlobalSection(SolutionProperties) = preSolution
		HideSolutionNode = FALSE
	EndGlobalSection
	GlobalSection(ExtensibilityGlobals) = postSolution
		SolutionGuid = {1ABD90AD-92DC-4CC4-94D6-1DD040221565}
	EndGlobalSection
EndGlobal
